
Microsoft Visual Studio Solution File, Format Version 12.00
# Visual Studio Version 16
VisualStudioVersion = 16.0.31424.327
MinimumVisualStudioVersion = 10.0.40219.1
Project("{FAE04EC0-301F-11D3-BF4B-00C04F79EFBC}") = "HandyUI-PersonalWorkCategories", "HandyUI-PersonalWorkCategories.csproj", "{CBFDFC0A-EEF6-4BCD-A966-7EB8BB69B455}"
EndProject
Global
	GlobalSection(SolutionConfigurationPlatforms) = preSolution
		Debug|Any CPU = Debug|Any CPU
		Release|Any CPU = Release|Any CPU
	EndGlobalSection
	GlobalSection(ProjectConfigurationPlatforms) = postSolution
		{CBFDFC0A-EEF6-4BCD-A966-7EB8BB69B455}.Debug|Any CPU.ActiveCfg = Debug|Any CPU
		{CBFDFC0A-EEF6-4BCD-A966-7EB8BB69B455}.Debug|Any CPU.Build.0 = Debug|Any CPU
		{CBFDFC0A-EEF6-4BCD-A966-7EB8BB69B455}.Release|Any CPU.ActiveCfg = Release|Any CPU
		{CBFDFC0A-EEF6-4BCD-A966-7EB8BB69B455}.Release|Any CPU.Build.0 = Release|Any CPU
	EndGlobalSection
	GlobalSection(SolutionProperties) = preSolution
		HideSolutionNode = FALSE
	EndGlobalSection
	GlobalSection(ExtensibilityGlobals) = postSolution
		SolutionGuid = {7AB7C814-7C9B-4128-A228-ACBFC5A8C058}
	EndGlobalSection
EndGlobal
